
Microsoft Visual Studio Solution File, Format Version 12.00
# Visual Studio Version 17
VisualStudioVersion = 17.7.34018.315
MinimumVisualStudioVersion = 10.0.40219.1
Project("{FAE04EC0-301F-11D3-BF4B-00C04F79EFBC}") = "2M_20_plik", "2M_20_plik\2M_20_plik.csproj", "{9B294DF5-D00E-4179-9AA3-CBC511824AA0}"
EndProject
Global
	GlobalSection(SolutionConfigurationPlatforms) = preSolution
		Debug|Any CPU = Debug|Any CPU
		Release|Any CPU = Release|Any CPU
	EndGlobalSection
	GlobalSection(ProjectConfigurationPlatforms) = postSolution
		{9B294DF5-D00E-4179-9AA3-CBC511824AA0}.Debug|Any CPU.ActiveCfg = Debug|Any CPU
		{9B294DF5-D00E-4179-9AA3-CBC511824AA0}.Debug|Any CPU.Build.0 = Debug|Any CPU
		{9B294DF5-D00E-4179-9AA3-CBC511824AA0}.Release|Any CPU.ActiveCfg = Release|Any CPU
		{9B294DF5-D00E-4179-9AA3-CBC511824AA0}.Release|Any CPU.Build.0 = Release|Any CPU
	EndGlobalSection
	GlobalSection(SolutionProperties) = preSolution
		HideSolutionNode = FALSE
	EndGlobalSection
	GlobalSection(ExtensibilityGlobals) = postSolution
		SolutionGuid = {F673EB63-7888-4E31-ABE5-BAACE67C39F0}
	EndGlobalSection
EndGlobal
